
Microsoft Visual Studio Solution File, Format Version 12.00
# Visual Studio Version 17
VisualStudioVersion = 17.3.32922.545
MinimumVisualStudioVersion = 10.0.40219.1
Project("{2150E333-8FDC-42A3-9474-1A3956D46DE8}") = "Src", "Src", "{8C921772-5C6F-43A9-B3CE-3AC0DB92E465}"
EndProject
Project("{2150E333-8FDC-42A3-9474-1A3956D46DE8}") = "Test", "Test", "{3AC41A36-4E0F-4C9F-8F07-41CBB500A6AB}"
EndProject
Project("{2150E333-8FDC-42A3-9474-1A3956D46DE8}") = "Common", "Common", "{6AE61618-4578-42F6-95FA-66A42D786A37}"
EndProject
Project("{2150E333-8FDC-42A3-9474-1A3956D46DE8}") = "Core", "Core", "{7A814413-7D47-499C-9351-6B09936CA190}"
EndProject
Project("{2150E333-8FDC-42A3-9474-1A3956D46DE8}") = "Infrastructure", "Infrastructure", "{0EF76361-0AA2-49B5-AD70-C544B82B231F}"
EndProject
Project("{2150E333-8FDC-42A3-9474-1A3956D46DE8}") = "Presentation", "Presentation", "{5E02F720-B294-453D-AB32-B05D36DAD4AD}"
EndProject
Project("{9A19103F-16F7-4668-BE54-9A1E7A4F7556}") = "Online_Store.Domain", "Online_Store.Domain\Online_Store.Domain.csproj", "{AE12143E-2755-4D8A-A9AB-1E2B6E5CE440}"
EndProject
Project("{9A19103F-16F7-4668-BE54-9A1E7A4F7556}") = "Online_Store.Application", "Online_Store.Application\Online_Store.Application.csproj", "{19DB6F7F-DF68-45AD-B885-92F89356A983}"
EndProject
Project("{9A19103F-16F7-4668-BE54-9A1E7A4F7556}") = "Online_Store.Infrastructure", "Online_Store.Infrastructure\Online_Store.Infrastructure.csproj", "{BD5292F2-53D4-4AAB-88C5-D1632BCB9FC4}"
EndProject
Project("{9A19103F-16F7-4668-BE54-9A1E7A4F7556}") = "Online_Store.Persistence", "Online_Store.Persistence\Online_Store.Persistence.csproj", "{5517DF65-44C3-418C-B185-AD03737A733D}"
EndProject
Project("{9A19103F-16F7-4668-BE54-9A1E7A4F7556}") = "Online_Store.Common", "Online_Store.Common\Online_Store.Common.csproj", "{B94D41D0-BB42-4C59-8163-B4B4209F4E38}"
EndProject
Project("{9A19103F-16F7-4668-BE54-9A1E7A4F7556}") = "EndPoint.Site", "EndPoint.Site\EndPoint.Site.csproj", "{7047D867-6572-400E-9097-895AD29BB427}"
EndProject
Global
	GlobalSection(SolutionConfigurationPlatforms) = preSolution
		Debug|Any CPU = Debug|Any CPU
		Release|Any CPU = Release|Any CPU
	EndGlobalSection
	GlobalSection(ProjectConfigurationPlatforms) = postSolution
		{AE12143E-2755-4D8A-A9AB-1E2B6E5CE440}.Debug|Any CPU.ActiveCfg = Debug|Any CPU
		{AE12143E-2755-4D8A-A9AB-1E2B6E5CE440}.Debug|Any CPU.Build.0 = Debug|Any CPU
		{AE12143E-2755-4D8A-A9AB-1E2B6E5CE440}.Release|Any CPU.ActiveCfg = Release|Any CPU
		{AE12143E-2755-4D8A-A9AB-1E2B6E5CE440}.Release|Any CPU.Build.0 = Release|Any CPU
		{19DB6F7F-DF68-45AD-B885-92F89356A983}.Debug|Any CPU.ActiveCfg = Debug|Any CPU
		{19DB6F7F-DF68-45AD-B885-92F89356A983}.Debug|Any CPU.Build.0 = Debug|Any CPU
		{19DB6F7F-DF68-45AD-B885-92F89356A983}.Release|Any CPU.ActiveCfg = Release|Any CPU
		{19DB6F7F-DF68-45AD-B885-92F89356A983}.Release|Any CPU.Build.0 = Release|Any CPU
		{BD5292F2-53D4-4AAB-88C5-D1632BCB9FC4}.Debug|Any CPU.ActiveCfg = Debug|Any CPU
		{BD5292F2-53D4-4AAB-88C5-D1632BCB9FC4}.Debug|Any CPU.Build.0 = Debug|Any CPU
		{BD5292F2-53D4-4AAB-88C5-D1632BCB9FC4}.Release|Any CPU.ActiveCfg = Release|Any CPU
		{BD5292F2-53D4-4AAB-88C5-D1632BCB9FC4}.Release|Any CPU.Build.0 = Release|Any CPU
		{5517DF65-44C3-418C-B185-AD03737A733D}.Debug|Any CPU.ActiveCfg = Debug|Any CPU
		{5517DF65-44C3-418C-B185-AD03737A733D}.Debug|Any CPU.Build.0 = Debug|Any CPU
		{5517DF65-44C3-418C-B185-AD03737A733D}.Release|Any CPU.ActiveCfg = Release|Any CPU
		{5517DF65-44C3-418C-B185-AD03737A733D}.Release|Any CPU.Build.0 = Release|Any CPU
		{B94D41D0-BB42-4C59-8163-B4B4209F4E38}.Debug|Any CPU.ActiveCfg = Debug|Any CPU
		{B94D41D0-BB42-4C59-8163-B4B4209F4E38}.Debug|Any CPU.Build.0 = Debug|Any CPU
		{B94D41D0-BB42-4C59-8163-B4B4209F4E38}.Release|Any CPU.ActiveCfg = Release|Any CPU
		{B94D41D0-BB42-4C59-8163-B4B4209F4E38}.Release|Any CPU.Build.0 = Release|Any CPU
		{7047D867-6572-400E-9097-895AD29BB427}.Debug|Any CPU.ActiveCfg = Debug|Any CPU
		{7047D867-6572-400E-9097-895AD29BB427}.Debug|Any CPU.Build.0 = Debug|Any CPU
		{7047D867-6572-400E-9097-895AD29BB427}.Release|Any CPU.ActiveCfg = Release|Any CPU
		{7047D867-6572-400E-9097-895AD29BB427}.Release|Any CPU.Build.0 = Release|Any CPU
	EndGlobalSection
	GlobalSection(SolutionProperties) = preSolution
		HideSolutionNode = FALSE
	EndGlobalSection
	GlobalSection(NestedProjects) = preSolution
		{6AE61618-4578-42F6-95FA-66A42D786A37} = {8C921772-5C6F-43A9-B3CE-3AC0DB92E465}
		{7A814413-7D47-499C-9351-6B09936CA190} = {8C921772-5C6F-43A9-B3CE-3AC0DB92E465}
		{0EF76361-0AA2-49B5-AD70-C544B82B231F} = {8C921772-5C6F-43A9-B3CE-3AC0DB92E465}
		{5E02F720-B294-453D-AB32-B05D36DAD4AD} = {8C921772-5C6F-43A9-B3CE-3AC0DB92E465}
		{AE12143E-2755-4D8A-A9AB-1E2B6E5CE440} = {7A814413-7D47-499C-9351-6B09936CA190}
		{19DB6F7F-DF68-45AD-B885-92F89356A983} = {7A814413-7D47-499C-9351-6B09936CA190}
		{BD5292F2-53D4-4AAB-88C5-D1632BCB9FC4} = {0EF76361-0AA2-49B5-AD70-C544B82B231F}
		{5517DF65-44C3-418C-B185-AD03737A733D} = {0EF76361-0AA2-49B5-AD70-C544B82B231F}
		{B94D41D0-BB42-4C59-8163-B4B4209F4E38} = {6AE61618-4578-42F6-95FA-66A42D786A37}
		{7047D867-6572-400E-9097-895AD29BB427} = {5E02F720-B294-453D-AB32-B05D36DAD4AD}
	EndGlobalSection
	GlobalSection(ExtensibilityGlobals) = postSolution
		SolutionGuid = {34345863-FEA9-45A5-9330-80622B7722B4}
	EndGlobalSection
EndGlobal
